
Microsoft Visual Studio Solution File, Format Version 12.00
# Visual Studio Version 16
VisualStudioVersion = 16.0.29911.84
MinimumVisualStudioVersion = 10.0.40219.1
Project("{FAE04EC0-301F-11D3-BF4B-00C04F79EFBC}") = "CanadaGovCovidCsvReader", "CanadaGovCovidCsvReader\CanadaGovCovidCsvReader.csproj", "{4A0FAA1C-1859-403D-8E26-43FC4653BFB9}"
EndProject
Project("{FAE04EC0-301F-11D3-BF4B-00C04F79EFBC}") = "CanadaGovCovidCsvReaderTests", "CanadaGovCovidCsvReaderTests\CanadaGovCovidCsvReaderTests.csproj", "{EFFBCC9F-6151-42E6-9B2E-2F074C49A9FA}"
EndProject
Project("{FAE04EC0-301F-11D3-BF4B-00C04F79EFBC}") = "DataManipulator", "DataManipulator\DataManipulator.csproj", "{39FA1102-2BEB-42AB-98D1-3C9A558E353B}"
EndProject
Project("{FAE04EC0-301F-11D3-BF4B-00C04F79EFBC}") = "DataManipulatorTests", "DataManipulatorTests\DataManipulatorTests.csproj", "{F7F7D3A4-2FA9-4529-A17A-C1B4AA0AAEC1}"
EndProject
Global
	GlobalSection(SolutionConfigurationPlatforms) = preSolution
		Debug|Any CPU = Debug|Any CPU
		Release|Any CPU = Release|Any CPU
	EndGlobalSection
	GlobalSection(ProjectConfigurationPlatforms) = postSolution
		{4A0FAA1C-1859-403D-8E26-43FC4653BFB9}.Debug|Any CPU.ActiveCfg = Debug|Any CPU
		{4A0FAA1C-1859-403D-8E26-43FC4653BFB9}.Debug|Any CPU.Build.0 = Debug|Any CPU
		{4A0FAA1C-1859-403D-8E26-43FC4653BFB9}.Release|Any CPU.ActiveCfg = Release|Any CPU
		{4A0FAA1C-1859-403D-8E26-43FC4653BFB9}.Release|Any CPU.Build.0 = Release|Any CPU
		{EFFBCC9F-6151-42E6-9B2E-2F074C49A9FA}.Debug|Any CPU.ActiveCfg = Debug|Any CPU
		{EFFBCC9F-6151-42E6-9B2E-2F074C49A9FA}.Debug|Any CPU.Build.0 = Debug|Any CPU
		{EFFBCC9F-6151-42E6-9B2E-2F074C49A9FA}.Release|Any CPU.ActiveCfg = Release|Any CPU
		{EFFBCC9F-6151-42E6-9B2E-2F074C49A9FA}.Release|Any CPU.Build.0 = Release|Any CPU
		{39FA1102-2BEB-42AB-98D1-3C9A558E353B}.Debug|Any CPU.ActiveCfg = Debug|Any CPU
		{39FA1102-2BEB-42AB-98D1-3C9A558E353B}.Debug|Any CPU.Build.0 = Debug|Any CPU
		{39FA1102-2BEB-42AB-98D1-3C9A558E353B}.Release|Any CPU.ActiveCfg = Release|Any CPU
		{39FA1102-2BEB-42AB-98D1-3C9A558E353B}.Release|Any CPU.Build.0 = Release|Any CPU
		{F7F7D3A4-2FA9-4529-A17A-C1B4AA0AAEC1}.Debug|Any CPU.ActiveCfg = Debug|Any CPU
		{F7F7D3A4-2FA9-4529-A17A-C1B4AA0AAEC1}.Debug|Any CPU.Build.0 = Debug|Any CPU
		{F7F7D3A4-2FA9-4529-A17A-C1B4AA0AAEC1}.Release|Any CPU.ActiveCfg = Release|Any CPU
		{F7F7D3A4-2FA9-4529-A17A-C1B4AA0AAEC1}.Release|Any CPU.Build.0 = Release|Any CPU
	EndGlobalSection
	GlobalSection(SolutionProperties) = preSolution
		HideSolutionNode = FALSE
	EndGlobalSection
	GlobalSection(ExtensibilityGlobals) = postSolution
		SolutionGuid = {77DA347E-77E3-4CD7-9880-EA12AFD593C3}
	EndGlobalSection
EndGlobal
